// !$*UTF8*$!
{
	archiveVersion = 1;
	classes = {
	};
	objectVersion = 56;
	objects = {

/* Begin PBXBuildFile section */
		03ACAF632B8D241C006723BA /* AppDelegate.swift in Sources */ = {isa = PBXBuildFile; fileRef = 03ACAF622B8D241C006723BA /* AppDelegate.swift */; };
		03ACAF652B8D241C006723BA /* SceneDelegate.swift in Sources */ = {isa = PBXBuildFile; fileRef = 03ACAF642B8D241C006723BA /* SceneDelegate.swift */; };
		03ACAF672B8D241C006723BA /* RMTabViewController.swift in Sources */ = {isa = PBXBuildFile; fileRef = 03ACAF662B8D241C006723BA /* RMTabViewController.swift */; };
		03ACAF6C2B8D241D006723BA /* Assets.xcassets in Resources */ = {isa = PBXBuildFile; fileRef = 03ACAF6B2B8D241D006723BA /* Assets.xcassets */; };
		03ACAF6F2B8D241D006723BA /* LaunchScreen.storyboard in Resources */ = {isa = PBXBuildFile; fileRef = 03ACAF6D2B8D241D006723BA /* LaunchScreen.storyboard */; };
		03ACAF7F2B8D255F006723BA /* RMLocation.swift in Sources */ = {isa = PBXBuildFile; fileRef = 03ACAF7E2B8D255F006723BA /* RMLocation.swift */; };
		03ACAF812B8D2570006723BA /* RMCharacter.swift in Sources */ = {isa = PBXBuildFile; fileRef = 03ACAF802B8D2570006723BA /* RMCharacter.swift */; };
		03ACAF832B8D2582006723BA /* RMEpisode.swift in Sources */ = {isa = PBXBuildFile; fileRef = 03ACAF822B8D2582006723BA /* RMEpisode.swift */; };
		03ACAF852B8D26F6006723BA /* RMCharacterViewController.swift in Sources */ = {isa = PBXBuildFile; fileRef = 03ACAF842B8D26F6006723BA /* RMCharacterViewController.swift */; };
		03ACAF872B8D2708006723BA /* RMEpisodeViewController.swift in Sources */ = {isa = PBXBuildFile; fileRef = 03ACAF862B8D2708006723BA /* RMEpisodeViewController.swift */; };
		03ACAF892B8D2715006723BA /* RMSettingsViewController.swift in Sources */ = {isa = PBXBuildFile; fileRef = 03ACAF882B8D2715006723BA /* RMSettingsViewController.swift */; };
		03ACAF8B2B8D2721006723BA /* RMLocationViewController.swift in Sources */ = {isa = PBXBuildFile; fileRef = 03ACAF8A2B8D2721006723BA /* RMLocationViewController.swift */; };
		03ACAF8D2B8E2866006723BA /* RMService.swift in Sources */ = {isa = PBXBuildFile; fileRef = 03ACAF8C2B8E2866006723BA /* RMService.swift */; };
		03ACAF8F2B8E2873006723BA /* RMRequest.swift in Sources */ = {isa = PBXBuildFile; fileRef = 03ACAF8E2B8E2873006723BA /* RMRequest.swift */; };
		03ACAF912B8E28E7006723BA /* RMEndpoint.swift in Sources */ = {isa = PBXBuildFile; fileRef = 03ACAF902B8E28E7006723BA /* RMEndpoint.swift */; };
		03ACAF932B8E2F71006723BA /* RMOrigin.swift in Sources */ = {isa = PBXBuildFile; fileRef = 03ACAF922B8E2F71006723BA /* RMOrigin.swift */; };
		03ACAF962B8E317B006723BA /* RmSingleLocation.swift in Sources */ = {isa = PBXBuildFile; fileRef = 03ACAF952B8E317B006723BA /* RmSingleLocation.swift */; };
		03ACAF982B8E32FF006723BA /* RMCharacterStatus.swift in Sources */ = {isa = PBXBuildFile; fileRef = 03ACAF972B8E32FF006723BA /* RMCharacterStatus.swift */; };
		03ACAF9A2B8E3317006723BA /* RMCharacterGender.swift in Sources */ = {isa = PBXBuildFile; fileRef = 03ACAF992B8E3317006723BA /* RMCharacterGender.swift */; };
		03ACAF9E2B9388B3006723BA /* RMGetAllCharactersResponse.swift in Sources */ = {isa = PBXBuildFile; fileRef = 03ACAF9D2B9388B3006723BA /* RMGetAllCharactersResponse.swift */; };
		03ACAFA02B9633ED006723BA /* RMCharacterListViewViewModel.swift in Sources */ = {isa = PBXBuildFile; fileRef = 03ACAF9F2B9633ED006723BA /* RMCharacterListViewViewModel.swift */; };
		03ACAFA22B96344F006723BA /* RMCharacterListView.swift in Sources */ = {isa = PBXBuildFile; fileRef = 03ACAFA12B96344F006723BA /* RMCharacterListView.swift */; };
		03ACAFA42B966A3D006723BA /* Extenions.swift in Sources */ = {isa = PBXBuildFile; fileRef = 03ACAFA32B966A3D006723BA /* Extenions.swift */; };
		03ACAFA62B972913006723BA /* RMCharacterCollectionViewCell.swift in Sources */ = {isa = PBXBuildFile; fileRef = 03ACAFA52B972913006723BA /* RMCharacterCollectionViewCell.swift */; };
		03ACAFA82B972AF5006723BA /* RMCharacterCollectionViewCellViewModel.swift in Sources */ = {isa = PBXBuildFile; fileRef = 03ACAFA72B972AF5006723BA /* RMCharacterCollectionViewCellViewModel.swift */; };
		03ACAFAB2B976678006723BA /* RMCharacterDetailViewController.swift in Sources */ = {isa = PBXBuildFile; fileRef = 03ACAFAA2B976678006723BA /* RMCharacterDetailViewController.swift */; };
		03ACAFAD2B97671E006723BA /* RMCharacterDetailView.swift in Sources */ = {isa = PBXBuildFile; fileRef = 03ACAFAC2B97671E006723BA /* RMCharacterDetailView.swift */; };
		03ACAFAF2B976743006723BA /* RMCharacterDetailViewViewModel.swift in Sources */ = {isa = PBXBuildFile; fileRef = 03ACAFAE2B976743006723BA /* RMCharacterDetailViewViewModel.swift */; };
/* End PBXBuildFile section */

/* Begin PBXFileReference section */
		03ACAF5F2B8D241C006723BA /* Rick&Morty.app */ = {isa = PBXFileReference; explicitFileType = wrapper.application; includeInIndex = 0; path = "Rick&Morty.app"; sourceTree = BUILT_PRODUCTS_DIR; };
		03ACAF622B8D241C006723BA /* AppDelegate.swift */ = {isa = PBXFileReference; lastKnownFileType = sourcecode.swift; path = AppDelegate.swift; sourceTree = "<group>"; };
		03ACAF642B8D241C006723BA /* SceneDelegate.swift */ = {isa = PBXFileReference; lastKnownFileType = sourcecode.swift; path = SceneDelegate.swift; sourceTree = "<group>"; };
		03ACAF662B8D241C006723BA /* RMTabViewController.swift */ = {isa = PBXFileReference; lastKnownFileType = sourcecode.swift; path = RMTabViewController.swift; sourceTree = "<group>"; };
		03ACAF6B2B8D241D006723BA /* Assets.xcassets */ = {isa = PBXFileReference; lastKnownFileType = folder.assetcatalog; path = Assets.xcassets; sourceTree = "<group>"; };
		03ACAF6E2B8D241D006723BA /* Base */ = {isa = PBXFileReference; lastKnownFileType = file.storyboard; name = Base; path = Base.lproj/LaunchScreen.storyboard; sourceTree = "<group>"; };
		03ACAF702B8D241D006723BA /* Info.plist */ = {isa = PBXFileReference; lastKnownFileType = text.plist.xml; path = Info.plist; sourceTree = "<group>"; };
		03ACAF7E2B8D255F006723BA /* RMLocation.swift */ = {isa = PBXFileReference; lastKnownFileType = sourcecode.swift; path = RMLocation.swift; sourceTree = "<group>"; };
		03ACAF802B8D2570006723BA /* RMCharacter.swift */ = {isa = PBXFileReference; lastKnownFileType = sourcecode.swift; path = RMCharacter.swift; sourceTree = "<group>"; };
		03ACAF822B8D2582006723BA /* RMEpisode.swift */ = {isa = PBXFileReference; lastKnownFileType = sourcecode.swift; path = RMEpisode.swift; sourceTree = "<group>"; };
		03ACAF842B8D26F6006723BA /* RMCharacterViewController.swift */ = {isa = PBXFileReference; lastKnownFileType = sourcecode.swift; path = RMCharacterViewController.swift; sourceTree = "<group>"; };
		03ACAF862B8D2708006723BA /* RMEpisodeViewController.swift */ = {isa = PBXFileReference; lastKnownFileType = sourcecode.swift; path = RMEpisodeViewController.swift; sourceTree = "<group>"; };
		03ACAF882B8D2715006723BA /* RMSettingsViewController.swift */ = {isa = PBXFileReference; lastKnownFileType = sourcecode.swift; path = RMSettingsViewController.swift; sourceTree = "<group>"; };
		03ACAF8A2B8D2721006723BA /* RMLocationViewController.swift */ = {isa = PBXFileReference; lastKnownFileType = sourcecode.swift; path = RMLocationViewController.swift; sourceTree = "<group>"; };
		03ACAF8C2B8E2866006723BA /* RMService.swift */ = {isa = PBXFileReference; lastKnownFileType = sourcecode.swift; path = RMService.swift; sourceTree = "<group>"; };
		03ACAF8E2B8E2873006723BA /* RMRequest.swift */ = {isa = PBXFileReference; lastKnownFileType = sourcecode.swift; path = RMRequest.swift; sourceTree = "<group>"; };
		03ACAF902B8E28E7006723BA /* RMEndpoint.swift */ = {isa = PBXFileReference; lastKnownFileType = sourcecode.swift; path = RMEndpoint.swift; sourceTree = "<group>"; };
		03ACAF922B8E2F71006723BA /* RMOrigin.swift */ = {isa = PBXFileReference; lastKnownFileType = sourcecode.swift; path = RMOrigin.swift; sourceTree = "<group>"; };
		03ACAF952B8E317B006723BA /* RmSingleLocation.swift */ = {isa = PBXFileReference; lastKnownFileType = sourcecode.swift; path = RmSingleLocation.swift; sourceTree = "<group>"; };
		03ACAF972B8E32FF006723BA /* RMCharacterStatus.swift */ = {isa = PBXFileReference; lastKnownFileType = sourcecode.swift; path = RMCharacterStatus.swift; sourceTree = "<group>"; };
		03ACAF992B8E3317006723BA /* RMCharacterGender.swift */ = {isa = PBXFileReference; lastKnownFileType = sourcecode.swift; path = RMCharacterGender.swift; sourceTree = "<group>"; };
		03ACAF9D2B9388B3006723BA /* RMGetAllCharactersResponse.swift */ = {isa = PBXFileReference; lastKnownFileType = sourcecode.swift; path = RMGetAllCharactersResponse.swift; sourceTree = "<group>"; };
		03ACAF9F2B9633ED006723BA /* RMCharacterListViewViewModel.swift */ = {isa = PBXFileReference; lastKnownFileType = sourcecode.swift; path = RMCharacterListViewViewModel.swift; sourceTree = "<group>"; };
		03ACAFA12B96344F006723BA /* RMCharacterListView.swift */ = {isa = PBXFileReference; lastKnownFileType = sourcecode.swift; path = RMCharacterListView.swift; sourceTree = "<group>"; };
		03ACAFA32B966A3D006723BA /* Extenions.swift */ = {isa = PBXFileReference; lastKnownFileType = sourcecode.swift; path = Extenions.swift; sourceTree = "<group>"; };
		03ACAFA52B972913006723BA /* RMCharacterCollectionViewCell.swift */ = {isa = PBXFileReference; lastKnownFileType = sourcecode.swift; path = RMCharacterCollectionViewCell.swift; sourceTree = "<group>"; };
		03ACAFA72B972AF5006723BA /* RMCharacterCollectionViewCellViewModel.swift */ = {isa = PBXFileReference; lastKnownFileType = sourcecode.swift; path = RMCharacterCollectionViewCellViewModel.swift; sourceTree = "<group>"; };
		03ACAFAA2B976678006723BA /* RMCharacterDetailViewController.swift */ = {isa = PBXFileReference; lastKnownFileType = sourcecode.swift; path = RMCharacterDetailViewController.swift; sourceTree = "<group>"; };
		03ACAFAC2B97671E006723BA /* RMCharacterDetailView.swift */ = {isa = PBXFileReference; lastKnownFileType = sourcecode.swift; path = RMCharacterDetailView.swift; sourceTree = "<group>"; };
		03ACAFAE2B976743006723BA /* RMCharacterDetailViewViewModel.swift */ = {isa = PBXFileReference; lastKnownFileType = sourcecode.swift; path = RMCharacterDetailViewViewModel.swift; sourceTree = "<group>"; };
/* End PBXFileReference section */

/* Begin PBXFrameworksBuildPhase section */
		03ACAF5C2B8D241C006723BA /* Frameworks */ = {
			isa = PBXFrameworksBuildPhase;
			buildActionMask = 2147483647;
			files = (
			);
			runOnlyForDeploymentPostprocessing = 0;
		};
/* End PBXFrameworksBuildPhase section */

/* Begin PBXGroup section */
		03ACAF562B8D241C006723BA = {
			isa = PBXGroup;
			children = (
				03ACAF612B8D241C006723BA /* Rick&Morty */,
				03ACAF602B8D241C006723BA /* Products */,
			);
			sourceTree = "<group>";
		};
		03ACAF602B8D241C006723BA /* Products */ = {
			isa = PBXGroup;
			children = (
				03ACAF5F2B8D241C006723BA /* Rick&Morty.app */,
			);
			name = Products;
			sourceTree = "<group>";
		};
		03ACAF612B8D241C006723BA /* Rick&Morty */ = {
			isa = PBXGroup;
			children = (
				03ACAF772B8D24D3006723BA /* Resources */,
				03ACAF762B8D24CC006723BA /* Managers */,
				03ACAF782B8D24DE006723BA /* APIClient */,
				03ACAF792B8D24E6006723BA /* ViewModels */,
				03ACAF7A2B8D24F2006723BA /* Views */,
				03ACAF7B2B8D24F8006723BA /* Models */,
				03ACAF7C2B8D2500006723BA /* Controllers */,
				03ACAF702B8D241D006723BA /* Info.plist */,
			);
			path = "Rick&Morty";
			sourceTree = "<group>";
		};
		03ACAF762B8D24CC006723BA /* Managers */ = {
			isa = PBXGroup;
			children = (
			);
			path = Managers;
			sourceTree = "<group>";
		};
		03ACAF772B8D24D3006723BA /* Resources */ = {
			isa = PBXGroup;
			children = (
				03ACAF622B8D241C006723BA /* AppDelegate.swift */,
				03ACAF642B8D241C006723BA /* SceneDelegate.swift */,
				03ACAF6B2B8D241D006723BA /* Assets.xcassets */,
				03ACAF6D2B8D241D006723BA /* LaunchScreen.storyboard */,
				03ACAFA32B966A3D006723BA /* Extenions.swift */,
			);
			path = Resources;
			sourceTree = "<group>";
		};
		03ACAF782B8D24DE006723BA /* APIClient */ = {
			isa = PBXGroup;
			children = (
				03ACAF8C2B8E2866006723BA /* RMService.swift */,
				03ACAF8E2B8E2873006723BA /* RMRequest.swift */,
				03ACAF902B8E28E7006723BA /* RMEndpoint.swift */,
			);
			path = APIClient;
			sourceTree = "<group>";
		};
		03ACAF792B8D24E6006723BA /* ViewModels */ = {
			isa = PBXGroup;
			children = (
				03ACAF9F2B9633ED006723BA /* RMCharacterListViewViewModel.swift */,
				03ACAFA72B972AF5006723BA /* RMCharacterCollectionViewCellViewModel.swift */,
				03ACAFAE2B976743006723BA /* RMCharacterDetailViewViewModel.swift */,
			);
			path = ViewModels;
			sourceTree = "<group>";
		};
		03ACAF7A2B8D24F2006723BA /* Views */ = {
			isa = PBXGroup;
			children = (
				03ACAFA12B96344F006723BA /* RMCharacterListView.swift */,
				03ACAFA52B972913006723BA /* RMCharacterCollectionViewCell.swift */,
				03ACAFAC2B97671E006723BA /* RMCharacterDetailView.swift */,
			);
			path = Views;
			sourceTree = "<group>";
		};
		03ACAF7B2B8D24F8006723BA /* Models */ = {
			isa = PBXGroup;
			children = (
				03ACAF9C2B93888A006723BA /* APIResponseType */,
				03ACAF9B2B93886F006723BA /* DataTypes */,
			);
			path = Models;
			sourceTree = "<group>";
		};
		03ACAF7C2B8D2500006723BA /* Controllers */ = {
			isa = PBXGroup;
			children = (
				03ACAFA92B97663D006723BA /* Other */,
				03ACAF7D2B8D2506006723BA /* Core */,
			);
			path = Controllers;
			sourceTree = "<group>";
		};
		03ACAF7D2B8D2506006723BA /* Core */ = {
			isa = PBXGroup;
			children = (
				03ACAF662B8D241C006723BA /* RMTabViewController.swift */,
				03ACAF842B8D26F6006723BA /* RMCharacterViewController.swift */,
				03ACAF8A2B8D2721006723BA /* RMLocationViewController.swift */,
				03ACAF862B8D2708006723BA /* RMEpisodeViewController.swift */,
				03ACAF882B8D2715006723BA /* RMSettingsViewController.swift */,
			);
			path = Core;
			sourceTree = "<group>";
		};
		03ACAF9B2B93886F006723BA /* DataTypes */ = {
			isa = PBXGroup;
			children = (
				03ACAF7E2B8D255F006723BA /* RMLocation.swift */,
				03ACAF802B8D2570006723BA /* RMCharacter.swift */,
				03ACAF822B8D2582006723BA /* RMEpisode.swift */,
				03ACAF922B8E2F71006723BA /* RMOrigin.swift */,
				03ACAF952B8E317B006723BA /* RmSingleLocation.swift */,
				03ACAF972B8E32FF006723BA /* RMCharacterStatus.swift */,
				03ACAF992B8E3317006723BA /* RMCharacterGender.swift */,
			);
			path = DataTypes;
			sourceTree = "<group>";
		};
		03ACAF9C2B93888A006723BA /* APIResponseType */ = {
			isa = PBXGroup;
			children = (
				03ACAF9D2B9388B3006723BA /* RMGetAllCharactersResponse.swift */,
			);
			path = APIResponseType;
			sourceTree = "<group>";
		};
		03ACAFA92B97663D006723BA /* Other */ = {
			isa = PBXGroup;
			children = (
				03ACAFAA2B976678006723BA /* RMCharacterDetailViewController.swift */,
			);
			path = Other;
			sourceTree = "<group>";
		};
/* End PBXGroup section */

/* Begin PBXNativeTarget section */
		03ACAF5E2B8D241C006723BA /* Rick&Morty */ = {
			isa = PBXNativeTarget;
			buildConfigurationList = 03ACAF732B8D241D006723BA /* Build configuration list for PBXNativeTarget "Rick&Morty" */;
			buildPhases = (
				03ACAF5B2B8D241C006723BA /* Sources */,
				03ACAF5C2B8D241C006723BA /* Frameworks */,
				03ACAF5D2B8D241C006723BA /* Resources */,
			);
			buildRules = (
			);
			dependencies = (
			);
			name = "Rick&Morty";
			productName = "Rick&Morty";
			productReference = 03ACAF5F2B8D241C006723BA /* Rick&Morty.app */;
			productType = "com.apple.product-type.application";
		};
/* End PBXNativeTarget section */

/* Begin PBXProject section */
		03ACAF572B8D241C006723BA /* Project object */ = {
			isa = PBXProject;
			attributes = {
				BuildIndependentTargetsInParallel = 1;
				LastSwiftUpdateCheck = 1520;
				LastUpgradeCheck = 1520;
				TargetAttributes = {
					03ACAF5E2B8D241C006723BA = {
						CreatedOnToolsVersion = 15.2;
					};
				};
			};
			buildConfigurationList = 03ACAF5A2B8D241C006723BA /* Build configuration list for PBXProject "Rick&Morty" */;
			compatibilityVersion = "Xcode 14.0";
			developmentRegion = en;
			hasScannedForEncodings = 0;
			knownRegions = (
				en,
				Base,
			);
			mainGroup = 03ACAF562B8D241C006723BA;
			productRefGroup = 03ACAF602B8D241C006723BA /* Products */;
			projectDirPath = "";
			projectRoot = "";
			targets = (
				03ACAF5E2B8D241C006723BA /* Rick&Morty */,
			);
		};
/* End PBXProject section */

/* Begin PBXResourcesBuildPhase section */
		03ACAF5D2B8D241C006723BA /* Resources */ = {
			isa = PBXResourcesBuildPhase;
			buildActionMask = 2147483647;
			files = (
				03ACAF6F2B8D241D006723BA /* LaunchScreen.storyboard in Resources */,
				03ACAF6C2B8D241D006723BA /* Assets.xcassets in Resources */,
			);
			runOnlyForDeploymentPostprocessing = 0;
		};
/* End PBXResourcesBuildPhase section */

/* Begin PBXSourcesBuildPhase section */
		03ACAF5B2B8D241C006723BA /* Sources */ = {
			isa = PBXSourcesBuildPhase;
			buildActionMask = 2147483647;
			files = (
				03ACAF932B8E2F71006723BA /* RMOrigin.swift in Sources */,
				03ACAFAF2B976743006723BA /* RMCharacterDetailViewViewModel.swift in Sources */,
				03ACAF892B8D2715006723BA /* RMSettingsViewController.swift in Sources */,
				03ACAFA22B96344F006723BA /* RMCharacterListView.swift in Sources */,
				03ACAF9E2B9388B3006723BA /* RMGetAllCharactersResponse.swift in Sources */,
				03ACAFA42B966A3D006723BA /* Extenions.swift in Sources */,
				03ACAF982B8E32FF006723BA /* RMCharacterStatus.swift in Sources */,
				03ACAFAB2B976678006723BA /* RMCharacterDetailViewController.swift in Sources */,
				03ACAF9A2B8E3317006723BA /* RMCharacterGender.swift in Sources */,
				03ACAF832B8D2582006723BA /* RMEpisode.swift in Sources */,
				03ACAF672B8D241C006723BA /* RMTabViewController.swift in Sources */,
				03ACAFA62B972913006723BA /* RMCharacterCollectionViewCell.swift in Sources */,
				03ACAF632B8D241C006723BA /* AppDelegate.swift in Sources */,
				03ACAF652B8D241C006723BA /* SceneDelegate.swift in Sources */,
				03ACAF962B8E317B006723BA /* RmSingleLocation.swift in Sources */,
				03ACAF7F2B8D255F006723BA /* RMLocation.swift in Sources */,
				03ACAF8B2B8D2721006723BA /* RMLocationViewController.swift in Sources */,
				03ACAF8D2B8E2866006723BA /* RMService.swift in Sources */,
				03ACAF812B8D2570006723BA /* RMCharacter.swift in Sources */,
				03ACAF912B8E28E7006723BA /* RMEndpoint.swift in Sources */,
				03ACAF852B8D26F6006723BA /* RMCharacterViewController.swift in Sources */,
				03ACAFA82B972AF5006723BA /* RMCharacterCollectionViewCellViewModel.swift in Sources */,
				03ACAF8F2B8E2873006723BA /* RMRequest.swift in Sources */,
				03ACAFA02B9633ED006723BA /* RMCharacterListViewViewModel.swift in Sources */,
				03ACAF872B8D2708006723BA /* RMEpisodeViewController.swift in Sources */,
				03ACAFAD2B97671E006723BA /* RMCharacterDetailView.swift in Sources */,
			);
			runOnlyForDeploymentPostprocessing = 0;
		};
/* End PBXSourcesBuildPhase section */

/* Begin PBXVariantGroup section */
		03ACAF6D2B8D241D006723BA /* LaunchScreen.storyboard */ = {
			isa = PBXVariantGroup;
			children = (
				03ACAF6E2B8D241D006723BA /* Base */,
			);
			name = LaunchScreen.storyboard;
			sourceTree = "<group>";
		};
/* End PBXVariantGroup section */

/* Begin XCBuildConfiguration section */
		03ACAF712B8D241D006723BA /* Debug */ = {
			isa = XCBuildConfiguration;
			buildSettings = {
				ALWAYS_SEARCH_USER_PATHS = NO;
				ASSETCATALOG_COMPILER_GENERATE_SWIFT_ASSET_SYMBOL_EXTENSIONS = YES;
				CLANG_ANALYZER_NONNULL = YES;
				CLANG_ANALYZER_NUMBER_OBJECT_CONVERSION = YES_AGGRESSIVE;
				CLANG_CXX_LANGUAGE_STANDARD = "gnu++20";
				CLANG_ENABLE_MODULES = YES;
				CLANG_ENABLE_OBJC_ARC = YES;
				CLANG_ENABLE_OBJC_WEAK = YES;
				CLANG_WARN_BLOCK_CAPTURE_AUTORELEASING = YES;
				CLANG_WARN_BOOL_CONVERSION = YES;
				CLANG_WARN_COMMA = YES;
				CLANG_WARN_CONSTANT_CONVERSION = YES;
				CLANG_WARN_DEPRECATED_OBJC_IMPLEMENTATIONS = YES;
				CLANG_WARN_DIRECT_OBJC_ISA_USAGE = YES_ERROR;
				CLANG_WARN_DOCUMENTATION_COMMENTS = YES;
				CLANG_WARN_EMPTY_BODY = YES;
				CLANG_WARN_ENUM_CONVERSION = YES;
				CLANG_WARN_INFINITE_RECURSION = YES;
				CLANG_WARN_INT_CONVERSION = YES;
				CLANG_WARN_NON_LITERAL_NULL_CONVERSION = YES;
				CLANG_WARN_OBJC_IMPLICIT_RETAIN_SELF = YES;
				CLANG_WARN_OBJC_LITERAL_CONVERSION = YES;
				CLANG_WARN_OBJC_ROOT_CLASS = YES_ERROR;
				CLANG_WARN_QUOTED_INCLUDE_IN_FRAMEWORK_HEADER = YES;
				CLANG_WARN_RANGE_LOOP_ANALYSIS = YES;
				CLANG_WARN_STRICT_PROTOTYPES = YES;
				CLANG_WARN_SUSPICIOUS_MOVE = YES;
				CLANG_WARN_UNGUARDED_AVAILABILITY = YES_AGGRESSIVE;
				CLANG_WARN_UNREACHABLE_CODE = YES;
				CLANG_WARN__DUPLICATE_METHOD_MATCH = YES;
				COPY_PHASE_STRIP = NO;
				DEBUG_INFORMATION_FORMAT = dwarf;
				ENABLE_STRICT_OBJC_MSGSEND = YES;
				ENABLE_TESTABILITY = YES;
				ENABLE_USER_SCRIPT_SANDBOXING = YES;
				GCC_C_LANGUAGE_STANDARD = gnu17;
				GCC_DYNAMIC_NO_PIC = NO;
				GCC_NO_COMMON_BLOCKS = YES;
				GCC_OPTIMIZATION_LEVEL = 0;
				GCC_PREPROCESSOR_DEFINITIONS = (
					"DEBUG=1",
					"$(inherited)",
				);
				GCC_WARN_64_TO_32_BIT_CONVERSION = YES;
				GCC_WARN_ABOUT_RETURN_TYPE = YES_ERROR;
				GCC_WARN_UNDECLARED_SELECTOR = YES;
				GCC_WARN_UNINITIALIZED_AUTOS = YES_AGGRESSIVE;
				GCC_WARN_UNUSED_FUNCTION = YES;
				GCC_WARN_UNUSED_VARIABLE = YES;
				IPHONEOS_DEPLOYMENT_TARGET = 17.2;
				LOCALIZATION_PREFERS_STRING_CATALOGS = YES;
				MTL_ENABLE_DEBUG_INFO = INCLUDE_SOURCE;
				MTL_FAST_MATH = YES;
				ONLY_ACTIVE_ARCH = YES;
				SDKROOT = iphoneos;
				SWIFT_ACTIVE_COMPILATION_CONDITIONS = "DEBUG $(inherited)";
				SWIFT_OPTIMIZATION_LEVEL = "-Onone";
			};
			name = Debug;
		};
		03ACAF722B8D241D006723BA /* Release */ = {
			isa = XCBuildConfiguration;
			buildSettings = {
				ALWAYS_SEARCH_USER_PATHS = NO;
				ASSETCATALOG_COMPILER_GENERATE_SWIFT_ASSET_SYMBOL_EXTENSIONS = YES;
				CLANG_ANALYZER_NONNULL = YES;
				CLANG_ANALYZER_NUMBER_OBJECT_CONVERSION = YES_AGGRESSIVE;
				CLANG_CXX_LANGUAGE_STANDARD = "gnu++20";
				CLANG_ENABLE_MODULES = YES;
				CLANG_ENABLE_OBJC_ARC = YES;
				CLANG_ENABLE_OBJC_WEAK = YES;
				CLANG_WARN_BLOCK_CAPTURE_AUTORELEASING = YES;
				CLANG_WARN_BOOL_CONVERSION = YES;
				CLANG_WARN_COMMA = YES;
				CLANG_WARN_CONSTANT_CONVERSION = YES;
				CLANG_WARN_DEPRECATED_OBJC_IMPLEMENTATIONS = YES;
				CLANG_WARN_DIRECT_OBJC_ISA_USAGE = YES_ERROR;
				CLANG_WARN_DOCUMENTATION_COMMENTS = YES;
				CLANG_WARN_EMPTY_BODY = YES;
				CLANG_WARN_ENUM_CONVERSION = YES;
				CLANG_WARN_INFINITE_RECURSION = YES;
				CLANG_WARN_INT_CONVERSION = YES;
				CLANG_WARN_NON_LITERAL_NULL_CONVERSION = YES;
				CLANG_WARN_OBJC_IMPLICIT_RETAIN_SELF = YES;
				CLANG_WARN_OBJC_LITERAL_CONVERSION = YES;
				CLANG_WARN_OBJC_ROOT_CLASS = YES_ERROR;
				CLANG_WARN_QUOTED_INCLUDE_IN_FRAMEWORK_HEADER = YES;
				CLANG_WARN_RANGE_LOOP_ANALYSIS = YES;
				CLANG_WARN_STRICT_PROTOTYPES = YES;
				CLANG_WARN_SUSPICIOUS_MOVE = YES;
				CLANG_WARN_UNGUARDED_AVAILABILITY = YES_AGGRESSIVE;
				CLANG_WARN_UNREACHABLE_CODE = YES;
				CLANG_WARN__DUPLICATE_METHOD_MATCH = YES;
				COPY_PHASE_STRIP = NO;
				DEBUG_INFORMATION_FORMAT = "dwarf-with-dsym";
				ENABLE_NS_ASSERTIONS = NO;
				ENABLE_STRICT_OBJC_MSGSEND = YES;
				ENABLE_USER_SCRIPT_SANDBOXING = YES;
				GCC_C_LANGUAGE_STANDARD = gnu17;
				GCC_NO_COMMON_BLOCKS = YES;
				GCC_WARN_64_TO_32_BIT_CONVERSION = YES;
				GCC_WARN_ABOUT_RETURN_TYPE = YES_ERROR;
				GCC_WARN_UNDECLARED_SELECTOR = YES;
				GCC_WARN_UNINITIALIZED_AUTOS = YES_AGGRESSIVE;
				GCC_WARN_UNUSED_FUNCTION = YES;
				GCC_WARN_UNUSED_VARIABLE = YES;
				IPHONEOS_DEPLOYMENT_TARGET = 17.2;
				LOCALIZATION_PREFERS_STRING_CATALOGS = YES;
				MTL_ENABLE_DEBUG_INFO = NO;
				MTL_FAST_MATH = YES;
				SDKROOT = iphoneos;
				SWIFT_COMPILATION_MODE = wholemodule;
				VALIDATE_PRODUCT = YES;
			};
			name = Release;
		};
		03ACAF742B8D241D006723BA /* Debug */ = {
			isa = XCBuildConfiguration;
			buildSettings = {
				ASSETCATALOG_COMPILER_APPICON_NAME = AppIcon;
				ASSETCATALOG_COMPILER_GLOBAL_ACCENT_COLOR_NAME = AccentColor;
				CODE_SIGN_STYLE = Automatic;
				CURRENT_PROJECT_VERSION = 1;
				DEVELOPMENT_TEAM = YTT8T6HKW8;
				GENERATE_INFOPLIST_FILE = YES;
				INFOPLIST_FILE = "Rick&Morty/Info.plist";
				INFOPLIST_KEY_UIApplicationSupportsIndirectInputEvents = YES;
				INFOPLIST_KEY_UILaunchStoryboardName = LaunchScreen;
				INFOPLIST_KEY_UISupportedInterfaceOrientations_iPad = "UIInterfaceOrientationPortrait UIInterfaceOrientationPortraitUpsideDown UIInterfaceOrientationLandscapeLeft UIInterfaceOrientationLandscapeRight";
				INFOPLIST_KEY_UISupportedInterfaceOrientations_iPhone = "UIInterfaceOrientationPortrait UIInterfaceOrientationLandscapeLeft UIInterfaceOrientationLandscapeRight";
				LD_RUNPATH_SEARCH_PATHS = (
					"$(inherited)",
					"@executable_path/Frameworks",
				);
				MARKETING_VERSION = 1.0;
				PRODUCT_BUNDLE_IDENTIFIER = "elarevs.Rick-Morty";
				PRODUCT_NAME = "$(TARGET_NAME)";
				SWIFT_EMIT_LOC_STRINGS = YES;
				SWIFT_VERSION = 5.0;
				TARGETED_DEVICE_FAMILY = "1,2";
			};
			name = Debug;
		};
		03ACAF752B8D241D006723BA /* Release */ = {
			isa = XCBuildConfiguration;
			buildSettings = {
				ASSETCATALOG_COMPILER_APPICON_NAME = AppIcon;
				ASSETCATALOG_COMPILER_GLOBAL_ACCENT_COLOR_NAME = AccentColor;
				CODE_SIGN_STYLE = Automatic;
				CURRENT_PROJECT_VERSION = 1;
				DEVELOPMENT_TEAM = YTT8T6HKW8;
				GENERATE_INFOPLIST_FILE = YES;
				INFOPLIST_FILE = "Rick&Morty/Info.plist";
				INFOPLIST_KEY_UIApplicationSupportsIndirectInputEvents = YES;
				INFOPLIST_KEY_UILaunchStoryboardName = LaunchScreen;
				INFOPLIST_KEY_UISupportedInterfaceOrientations_iPad = "UIInterfaceOrientationPortrait UIInterfaceOrientationPortraitUpsideDown UIInterfaceOrientationLandscapeLeft UIInterfaceOrientationLandscapeRight";
				INFOPLIST_KEY_UISupportedInterfaceOrientations_iPhone = "UIInterfaceOrientationPortrait UIInterfaceOrientationLandscapeLeft UIInterfaceOrientationLandscapeRight";
				LD_RUNPATH_SEARCH_PATHS = (
					"$(inherited)",
					"@executable_path/Frameworks",
				);
				MARKETING_VERSION = 1.0;
				PRODUCT_BUNDLE_IDENTIFIER = "elarevs.Rick-Morty";
				PRODUCT_NAME = "$(TARGET_NAME)";
				SWIFT_EMIT_LOC_STRINGS = YES;
				SWIFT_VERSION = 5.0;
				TARGETED_DEVICE_FAMILY = "1,2";
			};
			name = Release;
		};
/* End XCBuildConfiguration section */

/* Begin XCConfigurationList section */
		03ACAF5A2B8D241C006723BA /* Build configuration list for PBXProject "Rick&Morty" */ = {
			isa = XCConfigurationList;
			buildConfigurations = (
				03ACAF712B8D241D006723BA /* Debug */,
				03ACAF722B8D241D006723BA /* Release */,
			);
			defaultConfigurationIsVisible = 0;
			defaultConfigurationName = Release;
		};
		03ACAF732B8D241D006723BA /* Build configuration list for PBXNativeTarget "Rick&Morty" */ = {
			isa = XCConfigurationList;
			buildConfigurations = (
				03ACAF742B8D241D006723BA /* Debug */,
				03ACAF752B8D241D006723BA /* Release */,
			);
			defaultConfigurationIsVisible = 0;
			defaultConfigurationName = Release;
		};
/* End XCConfigurationList section */
	};
	rootObject = 03ACAF572B8D241C006723BA /* Project object */;
}
